
Microsoft Visual Studio Solution File, Format Version 12.00
# Visual Studio 15
VisualStudioVersion = 15.0.28010.2016
MinimumVisualStudioVersion = 10.0.40219.1
Project("{FAE04EC0-301F-11D3-BF4B-00C04F79EFBC}") = "MeshMorphoLib", "MeshMorphoLib\MeshMorphoLib.csproj", "{A58B3AF8-DAA0-4E45-8FA2-6726E80ACA0C}"
EndProject
Global
	GlobalSection(SolutionConfigurationPlatforms) = preSolution
		Debug|Any CPU = Debug|Any CPU
		Release|Any CPU = Release|Any CPU
	EndGlobalSection
	GlobalSection(ProjectConfigurationPlatforms) = postSolution
		{A58B3AF8-DAA0-4E45-8FA2-6726E80ACA0C}.Debug|Any CPU.ActiveCfg = Debug|Any CPU
		{A58B3AF8-DAA0-4E45-8FA2-6726E80ACA0C}.Debug|Any CPU.Build.0 = Debug|Any CPU
		{A58B3AF8-DAA0-4E45-8FA2-6726E80ACA0C}.Release|Any CPU.ActiveCfg = Release|Any CPU
		{A58B3AF8-DAA0-4E45-8FA2-6726E80ACA0C}.Release|Any CPU.Build.0 = Release|Any CPU
	EndGlobalSection
	GlobalSection(SolutionProperties) = preSolution
		HideSolutionNode = FALSE
	EndGlobalSection
	GlobalSection(ExtensibilityGlobals) = postSolution
		SolutionGuid = {5B686BCE-01BB-4322-A98B-E18C5217E51B}
	EndGlobalSection
EndGlobal
